# This file is automatically @generated by Cargo.
# It is not intended for manual editing.
version = 3

[[package]]
name = "snscrape-jsonl-urls-extractor"
version = "0.1.0"
dependencies = [
 "tinyjson",
]

[[package]]
name = "tinyjson"
version = "2.3.0"
source = "registry+https://github.com/rust-lang/crates.io-index"
checksum = "1a8304da9f9370f6a6f9020b7903b044aa9ce3470f300a1fba5bc77c78145a16"
